
Microsoft Visual Studio Solution File, Format Version 12.00
# Visual Studio Version 17
VisualStudioVersion = 17.5.002.0
MinimumVisualStudioVersion = 10.0.40219.1
Project("{9A19103F-16F7-4668-BE54-9A1E7A4F7556}") = "rpg", "rpg.csproj", "{EB228F12-0DDB-46F1-9FC7-CE33F6F7212B}"
EndProject
Global
	GlobalSection(SolutionConfigurationPlatforms) = preSolution
		Debug|Any CPU = Debug|Any CPU
		Release|Any CPU = Release|Any CPU
	EndGlobalSection
	GlobalSection(ProjectConfigurationPlatforms) = postSolution
		{EB228F12-0DDB-46F1-9FC7-CE33F6F7212B}.Debug|Any CPU.ActiveCfg = Debug|Any CPU
		{EB228F12-0DDB-46F1-9FC7-CE33F6F7212B}.Debug|Any CPU.Build.0 = Debug|Any CPU
		{EB228F12-0DDB-46F1-9FC7-CE33F6F7212B}.Release|Any CPU.ActiveCfg = Release|Any CPU
		{EB228F12-0DDB-46F1-9FC7-CE33F6F7212B}.Release|Any CPU.Build.0 = Release|Any CPU
	EndGlobalSection
	GlobalSection(SolutionProperties) = preSolution
		HideSolutionNode = FALSE
	EndGlobalSection
	GlobalSection(ExtensibilityGlobals) = postSolution
		SolutionGuid = {49B23111-01FF-4625-8038-CF132AD30A81}
	EndGlobalSection
EndGlobal
